
Microsoft Visual Studio Solution File, Format Version 12.00
# Visual Studio 2012
Project("{8BC9CEB8-8B4A-11D0-8D11-00A0C91BC942}") = "AngleCLR", "AngleCLR\AngleCLR.vcxproj", "{A0E256EE-E917-4F71-AA28-557FD41F7EE9}"
EndProject
Project("{8BC9CEB8-8B4A-11D0-8D11-00A0C91BC942}") = "ConsoleApplication1", "ConsoleApplication1\ConsoleApplication1.vcxproj", "{9B9B8674-5A82-42F8-B73E-C762C488D518}"
EndProject
Project("{8BC9CEB8-8B4A-11D0-8D11-00A0C91BC942}") = "TestCPP", "TestCPP\TestCPP.vcxproj", "{F1E06280-FE0C-43FE-A420-79DE2DE4B524}"
EndProject
Global
	GlobalSection(SolutionConfigurationPlatforms) = preSolution
		Debug|Any CPU = Debug|Any CPU
		Debug|Mixed Platforms = Debug|Mixed Platforms
		Debug|Win32 = Debug|Win32
		Release|Any CPU = Release|Any CPU
		Release|Mixed Platforms = Release|Mixed Platforms
		Release|Win32 = Release|Win32
	EndGlobalSection
	GlobalSection(ProjectConfigurationPlatforms) = postSolution
		{A0E256EE-E917-4F71-AA28-557FD41F7EE9}.Debug|Any CPU.ActiveCfg = Debug|Win32
		{A0E256EE-E917-4F71-AA28-557FD41F7EE9}.Debug|Mixed Platforms.ActiveCfg = Debug|Win32
		{A0E256EE-E917-4F71-AA28-557FD41F7EE9}.Debug|Mixed Platforms.Build.0 = Debug|Win32
		{A0E256EE-E917-4F71-AA28-557FD41F7EE9}.Debug|Win32.ActiveCfg = Debug|Win32
		{A0E256EE-E917-4F71-AA28-557FD41F7EE9}.Debug|Win32.Build.0 = Debug|Win32
		{A0E256EE-E917-4F71-AA28-557FD41F7EE9}.Release|Any CPU.ActiveCfg = Release|Win32
		{A0E256EE-E917-4F71-AA28-557FD41F7EE9}.Release|Mixed Platforms.ActiveCfg = Release|Win32
		{A0E256EE-E917-4F71-AA28-557FD41F7EE9}.Release|Mixed Platforms.Build.0 = Release|Win32
		{A0E256EE-E917-4F71-AA28-557FD41F7EE9}.Release|Win32.ActiveCfg = Release|Win32
		{A0E256EE-E917-4F71-AA28-557FD41F7EE9}.Release|Win32.Build.0 = Release|Win32
		{9B9B8674-5A82-42F8-B73E-C762C488D518}.Debug|Any CPU.ActiveCfg = Debug|Win32
		{9B9B8674-5A82-42F8-B73E-C762C488D518}.Debug|Mixed Platforms.ActiveCfg = Debug|Win32
		{9B9B8674-5A82-42F8-B73E-C762C488D518}.Debug|Mixed Platforms.Build.0 = Debug|Win32
		{9B9B8674-5A82-42F8-B73E-C762C488D518}.Debug|Win32.ActiveCfg = Debug|Win32
		{9B9B8674-5A82-42F8-B73E-C762C488D518}.Debug|Win32.Build.0 = Debug|Win32
		{9B9B8674-5A82-42F8-B73E-C762C488D518}.Release|Any CPU.ActiveCfg = Release|Win32
		{9B9B8674-5A82-42F8-B73E-C762C488D518}.Release|Mixed Platforms.ActiveCfg = Release|Win32
		{9B9B8674-5A82-42F8-B73E-C762C488D518}.Release|Mixed Platforms.Build.0 = Release|Win32
		{9B9B8674-5A82-42F8-B73E-C762C488D518}.Release|Win32.ActiveCfg = Release|Win32
		{9B9B8674-5A82-42F8-B73E-C762C488D518}.Release|Win32.Build.0 = Release|Win32
		{F1E06280-FE0C-43FE-A420-79DE2DE4B524}.Debug|Any CPU.ActiveCfg = Debug|Win32
		{F1E06280-FE0C-43FE-A420-79DE2DE4B524}.Debug|Mixed Platforms.ActiveCfg = Debug|Win32
		{F1E06280-FE0C-43FE-A420-79DE2DE4B524}.Debug|Mixed Platforms.Build.0 = Debug|Win32
		{F1E06280-FE0C-43FE-A420-79DE2DE4B524}.Debug|Win32.ActiveCfg = Debug|Win32
		{F1E06280-FE0C-43FE-A420-79DE2DE4B524}.Debug|Win32.Build.0 = Debug|Win32
		{F1E06280-FE0C-43FE-A420-79DE2DE4B524}.Release|Any CPU.ActiveCfg = Release|Win32
		{F1E06280-FE0C-43FE-A420-79DE2DE4B524}.Release|Mixed Platforms.ActiveCfg = Release|Win32
		{F1E06280-FE0C-43FE-A420-79DE2DE4B524}.Release|Mixed Platforms.Build.0 = Release|Win32
		{F1E06280-FE0C-43FE-A420-79DE2DE4B524}.Release|Win32.ActiveCfg = Release|Win32
		{F1E06280-FE0C-43FE-A420-79DE2DE4B524}.Release|Win32.Build.0 = Release|Win32
	EndGlobalSection
	GlobalSection(SolutionProperties) = preSolution
		HideSolutionNode = FALSE
	EndGlobalSection
EndGlobal
